PODS:
  - Kingfisher (7.1.1)
  - Reusable (4.1.2):
    - Reusable/Storyboard (= 4.1.2)
    - Reusable/View (= 4.1.2)
  - Reusable/Storyboard (4.1.2)
  - Reusable/View (4.1.2)
  - SnapKit (5.0.1)

DEPENDENCIES:
  - Kingfisher
  - Reusable
  - SnapKit

SPEC REPOS:
  trunk:
    - Kingfisher
    - Reusable
    - SnapKit

SPEC CHECKSUMS:
  Kingfisher: f738f9c4a3415823b8e2985d10aa2d6a9f37bc4d
  Reusable: 6bae6a5e8aa793c9c441db0213c863a64bce9136
  SnapKit: 97b92857e3df3a0c71833cce143274bf6ef8e5eb

PODFILE CHECKSUM: 71dcaab8b1b806b5d94de44f37213b5580c1bb20

COCOAPODS: 1.11.2
