// !$*UTF8*$!
{
	archiveVersion = 1;
	classes = {
	};
	objectVersion = 55;
	objects = {

/* Begin PBXBuildFile section */
		2508420128498672E9E1B050 /* Pods_SCMovies.framework in Frameworks */ = {isa = PBXBuildFile; fileRef = E79AEFFCC8CE9E0F3724A4F8 /* Pods_SCMovies.framework */; };
		39EA96C4275F114600D4DCE0 /* AppDelegate.swift in Sources */ = {isa = PBXBuildFile; fileRef = 39EA96C3275F114600D4DCE0 /* AppDelegate.swift */; };
		39EA96C6275F114600D4DCE0 /* SceneDelegate.swift in Sources */ = {isa = PBXBuildFile; fileRef = 39EA96C5275F114600D4DCE0 /* SceneDelegate.swift */; };
		39EA96CD275F114800D4DCE0 /* Assets.xcassets in Resources */ = {isa = PBXBuildFile; fileRef = 39EA96CC275F114800D4DCE0 /* Assets.xcassets */; };
		39EA96D0275F114800D4DCE0 /* LaunchScreen.storyboard in Resources */ = {isa = PBXBuildFile; fileRef = 39EA96CE275F114800D4DCE0 /* LaunchScreen.storyboard */; };
		39EA96E5275F114900D4DCE0 /* SCMoviesUITests.swift in Sources */ = {isa = PBXBuildFile; fileRef = 39EA96E4275F114900D4DCE0 /* SCMoviesUITests.swift */; };
		39EA96E7275F114900D4DCE0 /* SCMoviesUITestsLaunchTests.swift in Sources */ = {isa = PBXBuildFile; fileRef = 39EA96E6275F114900D4DCE0 /* SCMoviesUITestsLaunchTests.swift */; };
		39EA96F5275F1A5E00D4DCE0 /* RequestManager.swift in Sources */ = {isa = PBXBuildFile; fileRef = 39EA96F4275F1A5E00D4DCE0 /* RequestManager.swift */; };
		39EA96F8275F1EE600D4DCE0 /* MovieResults.swift in Sources */ = {isa = PBXBuildFile; fileRef = 39EA96F7275F1EE600D4DCE0 /* MovieResults.swift */; };
		39EA96FA275F1F8E00D4DCE0 /* MovieDetails.swift in Sources */ = {isa = PBXBuildFile; fileRef = 39EA96F9275F1F8E00D4DCE0 /* MovieDetails.swift */; };
		39EA9702275F238000D4DCE0 /* Movie.storyboard in Resources */ = {isa = PBXBuildFile; fileRef = 39EA9701275F238000D4DCE0 /* Movie.storyboard */; };
		39EA9704275F23A700D4DCE0 /* SearchViewController.swift in Sources */ = {isa = PBXBuildFile; fileRef = 39EA9703275F23A700D4DCE0 /* SearchViewController.swift */; };
		39EA9706275F2ADC00D4DCE0 /* APIManager.swift in Sources */ = {isa = PBXBuildFile; fileRef = 39EA9705275F2ADC00D4DCE0 /* APIManager.swift */; };
		39EA970A275F3B8200D4DCE0 /* APITests.swift in Sources */ = {isa = PBXBuildFile; fileRef = 39EA9709275F3B8200D4DCE0 /* APITests.swift */; };
		39EA970C275F3C8700D4DCE0 /* Extension.swift in Sources */ = {isa = PBXBuildFile; fileRef = 39EA970B275F3C8700D4DCE0 /* Extension.swift */; };
		39EA970E275F3FA700D4DCE0 /* SearchViewModel.swift in Sources */ = {isa = PBXBuildFile; fileRef = 39EA970D275F3FA700D4DCE0 /* SearchViewModel.swift */; };
		39EA9710275F41EE00D4DCE0 /* ViewModel.swift in Sources */ = {isa = PBXBuildFile; fileRef = 39EA970F275F41EE00D4DCE0 /* ViewModel.swift */; };
		39EA9712275F508F00D4DCE0 /* ImageViewExtension.swift in Sources */ = {isa = PBXBuildFile; fileRef = 39EA9711275F508F00D4DCE0 /* ImageViewExtension.swift */; };
		39EA9716275F51F500D4DCE0 /* MovieListCell.swift in Sources */ = {isa = PBXBuildFile; fileRef = 39EA9714275F51F500D4DCE0 /* MovieListCell.swift */; };
		39EA9717275F51F500D4DCE0 /* MovieListCell.xib in Resources */ = {isa = PBXBuildFile; fileRef = 39EA9715275F51F500D4DCE0 /* MovieListCell.xib */; };
		39EA971B275F6BF300D4DCE0 /* FadeSprinLoader.swift in Sources */ = {isa = PBXBuildFile; fileRef = 39EA971A275F6BF300D4DCE0 /* FadeSprinLoader.swift */; };
		39EA971D275F6C2000D4DCE0 /* LoadingManager.swift in Sources */ = {isa = PBXBuildFile; fileRef = 39EA971C275F6C2000D4DCE0 /* LoadingManager.swift */; };
		8F55E373B759614914C2393B /* Pods_SCMovies_SCMoviesUITests.framework in Frameworks */ = {isa = PBXBuildFile; fileRef = 18A0D1B6E7DA00412D815317 /* Pods_SCMovies_SCMoviesUITests.framework */; };
		C83FD929A9769B694964925A /* Pods_SCMoviesTests.framework in Frameworks */ = {isa = PBXBuildFile; fileRef = 357F0DCC3F8AC895A1642F29 /* Pods_SCMoviesTests.framework */; };
/* End PBXBuildFile section */

/* Begin PBXContainerItemProxy section */
		39EA96D7275F114900D4DCE0 /* PBXContainerItemProxy */ = {
			isa = PBXContainerItemProxy;
			containerPortal = 39EA96B8275F114600D4DCE0 /* Project object */;
			proxyType = 1;
			remoteGlobalIDString = 39EA96BF275F114600D4DCE0;
			remoteInfo = SCMovies;
		};
		39EA96E1275F114900D4DCE0 /* PBXContainerItemProxy */ = {
			isa = PBXContainerItemProxy;
			containerPortal = 39EA96B8275F114600D4DCE0 /* Project object */;
			proxyType = 1;
			remoteGlobalIDString = 39EA96BF275F114600D4DCE0;
			remoteInfo = SCMovies;
		};
/* End PBXContainerItemProxy section */

/* Begin PBXFileReference section */
		087551ED3014B681CB7BB44F /* Pods-SCMoviesTests.release.xcconfig */ = {isa = PBXFileReference; includeInIndex = 1; lastKnownFileType = text.xcconfig; name = "Pods-SCMoviesTests.release.xcconfig"; path = "Target Support Files/Pods-SCMoviesTests/Pods-SCMoviesTests.release.xcconfig"; sourceTree = "<group>"; };
		18A0D1B6E7DA00412D815317 /* Pods_SCMovies_SCMoviesUITests.framework */ = {isa = PBXFileReference; explicitFileType = wrapper.framework; includeInIndex = 0; path = Pods_SCMovies_SCMoviesUITests.framework; sourceTree = BUILT_PRODUCTS_DIR; };
		1CF3B971001DDEB90C2DF035 /* Pods-SCMovies.release.xcconfig */ = {isa = PBXFileReference; includeInIndex = 1; lastKnownFileType = text.xcconfig; name = "Pods-SCMovies.release.xcconfig"; path = "Target Support Files/Pods-SCMovies/Pods-SCMovies.release.xcconfig"; sourceTree = "<group>"; };
		357F0DCC3F8AC895A1642F29 /* Pods_SCMoviesTests.framework */ = {isa = PBXFileReference; explicitFileType = wrapper.framework; includeInIndex = 0; path = Pods_SCMoviesTests.framework; sourceTree = BUILT_PRODUCTS_DIR; };
		39EA96C0275F114600D4DCE0 /* SCMovies.app */ = {isa = PBXFileReference; explicitFileType = wrapper.application; includeInIndex = 0; path = SCMovies.app; sourceTree = BUILT_PRODUCTS_DIR; };
		39EA96C3275F114600D4DCE0 /* AppDelegate.swift */ = {isa = PBXFileReference; lastKnownFileType = sourcecode.swift; path = AppDelegate.swift; sourceTree = "<group>"; };
		39EA96C5275F114600D4DCE0 /* SceneDelegate.swift */ = {isa = PBXFileReference; lastKnownFileType = sourcecode.swift; path = SceneDelegate.swift; sourceTree = "<group>"; };
		39EA96CC275F114800D4DCE0 /* Assets.xcassets */ = {isa = PBXFileReference; lastKnownFileType = folder.assetcatalog; path = Assets.xcassets; sourceTree = "<group>"; };
		39EA96CF275F114800D4DCE0 /* Base */ = {isa = PBXFileReference; lastKnownFileType = file.storyboard; name = Base; path = Base.lproj/LaunchScreen.storyboard; sourceTree = "<group>"; };
		39EA96D1275F114800D4DCE0 /* Info.plist */ = {isa = PBXFileReference; lastKnownFileType = text.plist.xml; path = Info.plist; sourceTree = "<group>"; };
		39EA96D6275F114900D4DCE0 /* SCMoviesTests.xctest */ = {isa = PBXFileReference; explicitFileType = wrapper.cfbundle; includeInIndex = 0; path = SCMoviesTests.xctest; sourceTree = BUILT_PRODUCTS_DIR; };
		39EA96E0275F114900D4DCE0 /* SCMoviesUITests.xctest */ = {isa = PBXFileReference; explicitFileType = wrapper.cfbundle; includeInIndex = 0; path = SCMoviesUITests.xctest; sourceTree = BUILT_PRODUCTS_DIR; };
		39EA96E4275F114900D4DCE0 /* SCMoviesUITests.swift */ = {isa = PBXFileReference; lastKnownFileType = sourcecode.swift; path = SCMoviesUITests.swift; sourceTree = "<group>"; };
		39EA96E6275F114900D4DCE0 /* SCMoviesUITestsLaunchTests.swift */ = {isa = PBXFileReference; lastKnownFileType = sourcecode.swift; path = SCMoviesUITestsLaunchTests.swift; sourceTree = "<group>"; };
		39EA96F4275F1A5E00D4DCE0 /* RequestManager.swift */ = {isa = PBXFileReference; lastKnownFileType = sourcecode.swift; path = RequestManager.swift; sourceTree = "<group>"; };
		39EA96F7275F1EE600D4DCE0 /* MovieResults.swift */ = {isa = PBXFileReference; lastKnownFileType = sourcecode.swift; path = MovieResults.swift; sourceTree = "<group>"; };
		39EA96F9275F1F8E00D4DCE0 /* MovieDetails.swift */ = {isa = PBXFileReference; lastKnownFileType = sourcecode.swift; path = MovieDetails.swift; sourceTree = "<group>"; };
		39EA9701275F238000D4DCE0 /* Movie.storyboard */ = {isa = PBXFileReference; lastKnownFileType = file.storyboard; path = Movie.storyboard; sourceTree = "<group>"; };
		39EA9703275F23A700D4DCE0 /* SearchViewController.swift */ = {isa = PBXFileReference; lastKnownFileType = sourcecode.swift; path = SearchViewController.swift; sourceTree = "<group>"; };
		39EA9705275F2ADC00D4DCE0 /* APIManager.swift */ = {isa = PBXFileReference; lastKnownFileType = sourcecode.swift; path = APIManager.swift; sourceTree = "<group>"; };
		39EA9709275F3B8200D4DCE0 /* APITests.swift */ = {isa = PBXFileReference; lastKnownFileType = sourcecode.swift; path = APITests.swift; sourceTree = "<group>"; };
		39EA970B275F3C8700D4DCE0 /* Extension.swift */ = {isa = PBXFileReference; lastKnownFileType = sourcecode.swift; path = Extension.swift; sourceTree = "<group>"; };
		39EA970D275F3FA700D4DCE0 /* SearchViewModel.swift */ = {isa = PBXFileReference; lastKnownFileType = sourcecode.swift; path = SearchViewModel.swift; sourceTree = "<group>"; };
		39EA970F275F41EE00D4DCE0 /* ViewModel.swift */ = {isa = PBXFileReference; lastKnownFileType = sourcecode.swift; path = ViewModel.swift; sourceTree = "<group>"; };
		39EA9711275F508F00D4DCE0 /* ImageViewExtension.swift */ = {isa = PBXFileReference; lastKnownFileType = sourcecode.swift; path = ImageViewExtension.swift; sourceTree = "<group>"; };
		39EA9714275F51F500D4DCE0 /* MovieListCell.swift */ = {isa = PBXFileReference; lastKnownFileType = sourcecode.swift; path = MovieListCell.swift; sourceTree = "<group>"; };
		39EA9715275F51F500D4DCE0 /* MovieListCell.xib */ = {isa = PBXFileReference; lastKnownFileType = file.xib; path = MovieListCell.xib; sourceTree = "<group>"; };
		39EA971A275F6BF300D4DCE0 /* FadeSprinLoader.swift */ = {isa = PBXFileReference; lastKnownFileType = sourcecode.swift; path = FadeSprinLoader.swift; sourceTree = "<group>"; };
		39EA971C275F6C2000D4DCE0 /* LoadingManager.swift */ = {isa = PBXFileReference; lastKnownFileType = sourcecode.swift; path = LoadingManager.swift; sourceTree = "<group>"; };
		543EF09DEF793E0ABD56DEA8 /* Pods-SCMovies-SCMoviesUITests.release.xcconfig */ = {isa = PBXFileReference; includeInIndex = 1; lastKnownFileType = text.xcconfig; name = "Pods-SCMovies-SCMoviesUITests.release.xcconfig"; path = "Target Support Files/Pods-SCMovies-SCMoviesUITests/Pods-SCMovies-SCMoviesUITests.release.xcconfig"; sourceTree = "<group>"; };
		9F4BCE6DD687A6733C581ABC /* Pods-SCMovies.debug.xcconfig */ = {isa = PBXFileReference; includeInIndex = 1; lastKnownFileType = text.xcconfig; name = "Pods-SCMovies.debug.xcconfig"; path = "Target Support Files/Pods-SCMovies/Pods-SCMovies.debug.xcconfig"; sourceTree = "<group>"; };
		AE12A018735D25527FDDC36D /* Pods-SCMovies-SCMoviesUITests.debug.xcconfig */ = {isa = PBXFileReference; includeInIndex = 1; lastKnownFileType = text.xcconfig; name = "Pods-SCMovies-SCMoviesUITests.debug.xcconfig"; path = "Target Support Files/Pods-SCMovies-SCMoviesUITests/Pods-SCMovies-SCMoviesUITests.debug.xcconfig"; sourceTree = "<group>"; };
		DA73175C7E3E82E9E2E93799 /* Pods-SCMoviesTests.debug.xcconfig */ = {isa = PBXFileReference; includeInIndex = 1; lastKnownFileType = text.xcconfig; name = "Pods-SCMoviesTests.debug.xcconfig"; path = "Target Support Files/Pods-SCMoviesTests/Pods-SCMoviesTests.debug.xcconfig"; sourceTree = "<group>"; };
		E79AEFFCC8CE9E0F3724A4F8 /* Pods_SCMovies.framework */ = {isa = PBXFileReference; explicitFileType = wrapper.framework; includeInIndex = 0; path = Pods_SCMovies.framework; sourceTree = BUILT_PRODUCTS_DIR; };
/* End PBXFileReference section */

/* Begin PBXFrameworksBuildPhase section */
		39EA96BD275F114600D4DCE0 /* Frameworks */ = {
			isa = PBXFrameworksBuildPhase;
			buildActionMask = 2147483647;
			files = (
				2508420128498672E9E1B050 /* Pods_SCMovies.framework in Frameworks */,
			);
			runOnlyForDeploymentPostprocessing = 0;
		};
		39EA96D3275F114900D4DCE0 /* Frameworks */ = {
			isa = PBXFrameworksBuildPhase;
			buildActionMask = 2147483647;
			files = (
				C83FD929A9769B694964925A /* Pods_SCMoviesTests.framework in Frameworks */,
			);
			runOnlyForDeploymentPostprocessing = 0;
		};
		39EA96DD275F114900D4DCE0 /* Frameworks */ = {
			isa = PBXFrameworksBuildPhase;
			buildActionMask = 2147483647;
			files = (
				8F55E373B759614914C2393B /* Pods_SCMovies_SCMoviesUITests.framework in Frameworks */,
			);
			runOnlyForDeploymentPostprocessing = 0;
		};
/* End PBXFrameworksBuildPhase section */

/* Begin PBXGroup section */
		39EA96B7275F114600D4DCE0 = {
			isa = PBXGroup;
			children = (
				39EA96C2275F114600D4DCE0 /* SCMovies */,
				39EA96D9275F114900D4DCE0 /* SCMoviesTests */,
				39EA96E3275F114900D4DCE0 /* SCMoviesUITests */,
				39EA96C1275F114600D4DCE0 /* Products */,
				9B113A8F7A348A9B6325A80E /* Pods */,
				6984F3309910950A522381BA /* Frameworks */,
			);
			sourceTree = "<group>";
		};
		39EA96C1275F114600D4DCE0 /* Products */ = {
			isa = PBXGroup;
			children = (
				39EA96C0275F114600D4DCE0 /* SCMovies.app */,
				39EA96D6275F114900D4DCE0 /* SCMoviesTests.xctest */,
				39EA96E0275F114900D4DCE0 /* SCMoviesUITests.xctest */,
			);
			name = Products;
			sourceTree = "<group>";
		};
		39EA96C2275F114600D4DCE0 /* SCMovies */ = {
			isa = PBXGroup;
			children = (
				39EA9718275F6BD900D4DCE0 /* Utils */,
				39EA96FD275F228800D4DCE0 /* Extension */,
				39EA96FB275F202400D4DCE0 /* Core */,
				39EA96F6275F1E9300D4DCE0 /* Data */,
				39EA96F3275F1A4500D4DCE0 /* Network */,
				39EA96C3275F114600D4DCE0 /* AppDelegate.swift */,
				39EA96C5275F114600D4DCE0 /* SceneDelegate.swift */,
				39EA96CC275F114800D4DCE0 /* Assets.xcassets */,
				39EA96CE275F114800D4DCE0 /* LaunchScreen.storyboard */,
				39EA96D1275F114800D4DCE0 /* Info.plist */,
			);
			path = SCMovies;
			sourceTree = "<group>";
		};
		39EA96D9275F114900D4DCE0 /* SCMoviesTests */ = {
			isa = PBXGroup;
			children = (
				39EA9709275F3B8200D4DCE0 /* APITests.swift */,
			);
			path = SCMoviesTests;
			sourceTree = "<group>";
		};
		39EA96E3275F114900D4DCE0 /* SCMoviesUITests */ = {
			isa = PBXGroup;
			children = (
				39EA96E4275F114900D4DCE0 /* SCMoviesUITests.swift */,
				39EA96E6275F114900D4DCE0 /* SCMoviesUITestsLaunchTests.swift */,
			);
			path = SCMoviesUITests;
			sourceTree = "<group>";
		};
		39EA96F3275F1A4500D4DCE0 /* Network */ = {
			isa = PBXGroup;
			children = (
				39EA96F4275F1A5E00D4DCE0 /* RequestManager.swift */,
				39EA9705275F2ADC00D4DCE0 /* APIManager.swift */,
			);
			path = Network;
			sourceTree = "<group>";
		};
		39EA96F6275F1E9300D4DCE0 /* Data */ = {
			isa = PBXGroup;
			children = (
				39EA96F7275F1EE600D4DCE0 /* MovieResults.swift */,
				39EA96F9275F1F8E00D4DCE0 /* MovieDetails.swift */,
			);
			path = Data;
			sourceTree = "<group>";
		};
		39EA96FB275F202400D4DCE0 /* Core */ = {
			isa = PBXGroup;
			children = (
				39EA9700275F234B00D4DCE0 /* Storyboard */,
				39EA96FC275F202B00D4DCE0 /* Search */,
			);
			path = Core;
			sourceTree = "<group>";
		};
		39EA96FC275F202B00D4DCE0 /* Search */ = {
			isa = PBXGroup;
			children = (
				39EA9713275F51C200D4DCE0 /* Support */,
				39EA9703275F23A700D4DCE0 /* SearchViewController.swift */,
				39EA970D275F3FA700D4DCE0 /* SearchViewModel.swift */,
				39EA970F275F41EE00D4DCE0 /* ViewModel.swift */,
			);
			path = Search;
			sourceTree = "<group>";
		};
		39EA96FD275F228800D4DCE0 /* Extension */ = {
			isa = PBXGroup;
			children = (
				39EA970B275F3C8700D4DCE0 /* Extension.swift */,
				39EA9711275F508F00D4DCE0 /* ImageViewExtension.swift */,
			);
			path = Extension;
			sourceTree = "<group>";
		};
		39EA9700275F234B00D4DCE0 /* Storyboard */ = {
			isa = PBXGroup;
			children = (
				39EA9701275F238000D4DCE0 /* Movie.storyboard */,
			);
			path = Storyboard;
			sourceTree = "<group>";
		};
		39EA9713275F51C200D4DCE0 /* Support */ = {
			isa = PBXGroup;
			children = (
				39EA9714275F51F500D4DCE0 /* MovieListCell.swift */,
				39EA9715275F51F500D4DCE0 /* MovieListCell.xib */,
			);
			path = Support;
			sourceTree = "<group>";
		};
		39EA9718275F6BD900D4DCE0 /* Utils */ = {
			isa = PBXGroup;
			children = (
				39EA9719275F6BE300D4DCE0 /* Loading */,
			);
			path = Utils;
			sourceTree = "<group>";
		};
		39EA9719275F6BE300D4DCE0 /* Loading */ = {
			isa = PBXGroup;
			children = (
				39EA971A275F6BF300D4DCE0 /* FadeSprinLoader.swift */,
				39EA971C275F6C2000D4DCE0 /* LoadingManager.swift */,
			);
			path = Loading;
			sourceTree = "<group>";
		};
		6984F3309910950A522381BA /* Frameworks */ = {
			isa = PBXGroup;
			children = (
				E79AEFFCC8CE9E0F3724A4F8 /* Pods_SCMovies.framework */,
				18A0D1B6E7DA00412D815317 /* Pods_SCMovies_SCMoviesUITests.framework */,
				357F0DCC3F8AC895A1642F29 /* Pods_SCMoviesTests.framework */,
			);
			name = Frameworks;
			sourceTree = "<group>";
		};
		9B113A8F7A348A9B6325A80E /* Pods */ = {
			isa = PBXGroup;
			children = (
				9F4BCE6DD687A6733C581ABC /* Pods-SCMovies.debug.xcconfig */,
				1CF3B971001DDEB90C2DF035 /* Pods-SCMovies.release.xcconfig */,
				AE12A018735D25527FDDC36D /* Pods-SCMovies-SCMoviesUITests.debug.xcconfig */,
				543EF09DEF793E0ABD56DEA8 /* Pods-SCMovies-SCMoviesUITests.release.xcconfig */,
				DA73175C7E3E82E9E2E93799 /* Pods-SCMoviesTests.debug.xcconfig */,
				087551ED3014B681CB7BB44F /* Pods-SCMoviesTests.release.xcconfig */,
			);
			path = Pods;
			sourceTree = "<group>";
		};
/* End PBXGroup section */

/* Begin PBXNativeTarget section */
		39EA96BF275F114600D4DCE0 /* SCMovies */ = {
			isa = PBXNativeTarget;
			buildConfigurationList = 39EA96EA275F114900D4DCE0 /* Build configuration list for PBXNativeTarget "SCMovies" */;
			buildPhases = (
				4E5F7AAFC72C24FA191DBD3C /* [CP] Check Pods Manifest.lock */,
				39EA96BC275F114600D4DCE0 /* Sources */,
				39EA96BD275F114600D4DCE0 /* Frameworks */,
				39EA96BE275F114600D4DCE0 /* Resources */,
				C6C08931726AFE0DB06DA036 /* [CP] Embed Pods Frameworks */,
			);
			buildRules = (
			);
			dependencies = (
			);
			name = SCMovies;
			productName = SCMovies;
			productReference = 39EA96C0275F114600D4DCE0 /* SCMovies.app */;
			productType = "com.apple.product-type.application";
		};
		39EA96D5275F114900D4DCE0 /* SCMoviesTests */ = {
			isa = PBXNativeTarget;
			buildConfigurationList = 39EA96ED275F114900D4DCE0 /* Build configuration list for PBXNativeTarget "SCMoviesTests" */;
			buildPhases = (
				2B4CD1C99EAAEB613BC798B4 /* [CP] Check Pods Manifest.lock */,
				39EA96D2275F114900D4DCE0 /* Sources */,
				39EA96D3275F114900D4DCE0 /* Frameworks */,
				39EA96D4275F114900D4DCE0 /* Resources */,
				D4CB43B9A895DFB6725F8A17 /* [CP] Embed Pods Frameworks */,
			);
			buildRules = (
			);
			dependencies = (
				39EA96D8275F114900D4DCE0 /* PBXTargetDependency */,
			);
			name = SCMoviesTests;
			productName = SCMoviesTests;
			productReference = 39EA96D6275F114900D4DCE0 /* SCMoviesTests.xctest */;
			productType = "com.apple.product-type.bundle.unit-test";
		};
		39EA96DF275F114900D4DCE0 /* SCMoviesUITests */ = {
			isa = PBXNativeTarget;
			buildConfigurationList = 39EA96F0275F114900D4DCE0 /* Build configuration list for PBXNativeTarget "SCMoviesUITests" */;
			buildPhases = (
				ED30C75994F9FAF4F117557F /* [CP] Check Pods Manifest.lock */,
				39EA96DC275F114900D4DCE0 /* Sources */,
				39EA96DD275F114900D4DCE0 /* Frameworks */,
				39EA96DE275F114900D4DCE0 /* Resources */,
				5BB30D472D3A2C5E426B9D4A /* [CP] Embed Pods Frameworks */,
			);
			buildRules = (
			);
			dependencies = (
				39EA96E2275F114900D4DCE0 /* PBXTargetDependency */,
			);
			name = SCMoviesUITests;
			productName = SCMoviesUITests;
			productReference = 39EA96E0275F114900D4DCE0 /* SCMoviesUITests.xctest */;
			productType = "com.apple.product-type.bundle.ui-testing";
		};
/* End PBXNativeTarget section */

/* Begin PBXProject section */
		39EA96B8275F114600D4DCE0 /* Project object */ = {
			isa = PBXProject;
			attributes = {
				BuildIndependentTargetsInParallel = 1;
				LastSwiftUpdateCheck = 1310;
				LastUpgradeCheck = 1310;
				TargetAttributes = {
					39EA96BF275F114600D4DCE0 = {
						CreatedOnToolsVersion = 13.1;
					};
					39EA96D5275F114900D4DCE0 = {
						CreatedOnToolsVersion = 13.1;
						TestTargetID = 39EA96BF275F114600D4DCE0;
					};
					39EA96DF275F114900D4DCE0 = {
						CreatedOnToolsVersion = 13.1;
						TestTargetID = 39EA96BF275F114600D4DCE0;
					};
				};
			};
			buildConfigurationList = 39EA96BB275F114600D4DCE0 /* Build configuration list for PBXProject "SCMovies" */;
			compatibilityVersion = "Xcode 13.0";
			developmentRegion = en;
			hasScannedForEncodings = 0;
			knownRegions = (
				en,
				Base,
			);
			mainGroup = 39EA96B7275F114600D4DCE0;
			productRefGroup = 39EA96C1275F114600D4DCE0 /* Products */;
			projectDirPath = "";
			projectRoot = "";
			targets = (
				39EA96BF275F114600D4DCE0 /* SCMovies */,
				39EA96D5275F114900D4DCE0 /* SCMoviesTests */,
				39EA96DF275F114900D4DCE0 /* SCMoviesUITests */,
			);
		};
/* End PBXProject section */

/* Begin PBXResourcesBuildPhase section */
		39EA96BE275F114600D4DCE0 /* Resources */ = {
			isa = PBXResourcesBuildPhase;
			buildActionMask = 2147483647;
			files = (
				39EA96D0275F114800D4DCE0 /* LaunchScreen.storyboard in Resources */,
				39EA9702275F238000D4DCE0 /* Movie.storyboard in Resources */,
				39EA9717275F51F500D4DCE0 /* MovieListCell.xib in Resources */,
				39EA96CD275F114800D4DCE0 /* Assets.xcassets in Resources */,
			);
			runOnlyForDeploymentPostprocessing = 0;
		};
		39EA96D4275F114900D4DCE0 /* Resources */ = {
			isa = PBXResourcesBuildPhase;
			buildActionMask = 2147483647;
			files = (
			);
			runOnlyForDeploymentPostprocessing = 0;
		};
		39EA96DE275F114900D4DCE0 /* Resources */ = {
			isa = PBXResourcesBuildPhase;
			buildActionMask = 2147483647;
			files = (
			);
			runOnlyForDeploymentPostprocessing = 0;
		};
/* End PBXResourcesBuildPhase section */

/* Begin PBXShellScriptBuildPhase section */
		2B4CD1C99EAAEB613BC798B4 /* [CP] Check Pods Manifest.lock */ = {
			isa = PBXShellScriptBuildPhase;
			buildActionMask = 2147483647;
			files = (
			);
			inputFileListPaths = (
			);
			inputPaths = (
				"${PODS_PODFILE_DIR_PATH}/Podfile.lock",
				"${PODS_ROOT}/Manifest.lock",
			);
			name = "[CP] Check Pods Manifest.lock";
			outputFileListPaths = (
			);
			outputPaths = (
				"$(DERIVED_FILE_DIR)/Pods-SCMoviesTests-checkManifestLockResult.txt",
			);
			runOnlyForDeploymentPostprocessing = 0;
			shellPath = /bin/sh;
			shellScript = "diff \"${PODS_PODFILE_DIR_PATH}/Podfile.lock\" \"${PODS_ROOT}/Manifest.lock\" > /dev/null\nif [ $? != 0 ] ; then\n    # print error to STDERR\n    echo \"error: The sandbox is not in sync with the Podfile.lock. Run 'pod install' or update your CocoaPods installation.\" >&2\n    exit 1\nfi\n# This output is used by Xcode 'outputs' to avoid re-running this script phase.\necho \"SUCCESS\" > \"${SCRIPT_OUTPUT_FILE_0}\"\n";
			showEnvVarsInLog = 0;
		};
		4E5F7AAFC72C24FA191DBD3C /* [CP] Check Pods Manifest.lock */ = {
			isa = PBXShellScriptBuildPhase;
			buildActionMask = 2147483647;
			files = (
			);
			inputFileListPaths = (
			);
			inputPaths = (
				"${PODS_PODFILE_DIR_PATH}/Podfile.lock",
				"${PODS_ROOT}/Manifest.lock",
			);
			name = "[CP] Check Pods Manifest.lock";
			outputFileListPaths = (
			);
			outputPaths = (
				"$(DERIVED_FILE_DIR)/Pods-SCMovies-checkManifestLockResult.txt",
			);
			runOnlyForDeploymentPostprocessing = 0;
			shellPath = /bin/sh;
			shellScript = "diff \"${PODS_PODFILE_DIR_PATH}/Podfile.lock\" \"${PODS_ROOT}/Manifest.lock\" > /dev/null\nif [ $? != 0 ] ; then\n    # print error to STDERR\n    echo \"error: The sandbox is not in sync with the Podfile.lock. Run 'pod install' or update your CocoaPods installation.\" >&2\n    exit 1\nfi\n# This output is used by Xcode 'outputs' to avoid re-running this script phase.\necho \"SUCCESS\" > \"${SCRIPT_OUTPUT_FILE_0}\"\n";
			showEnvVarsInLog = 0;
		};
		5BB30D472D3A2C5E426B9D4A /* [CP] Embed Pods Frameworks */ = {
			isa = PBXShellScriptBuildPhase;
			buildActionMask = 2147483647;
			files = (
			);
			inputFileListPaths = (
				"${PODS_ROOT}/Target Support Files/Pods-SCMovies-SCMoviesUITests/Pods-SCMovies-SCMoviesUITests-frameworks-${CONFIGURATION}-input-files.xcfilelist",
			);
			name = "[CP] Embed Pods Frameworks";
			outputFileListPaths = (
				"${PODS_ROOT}/Target Support Files/Pods-SCMovies-SCMoviesUITests/Pods-SCMovies-SCMoviesUITests-frameworks-${CONFIGURATION}-output-files.xcfilelist",
			);
			runOnlyForDeploymentPostprocessing = 0;
			shellPath = /bin/sh;
			shellScript = "\"${PODS_ROOT}/Target Support Files/Pods-SCMovies-SCMoviesUITests/Pods-SCMovies-SCMoviesUITests-frameworks.sh\"\n";
			showEnvVarsInLog = 0;
		};
		C6C08931726AFE0DB06DA036 /* [CP] Embed Pods Frameworks */ = {
			isa = PBXShellScriptBuildPhase;
			buildActionMask = 2147483647;
			files = (
			);
			inputFileListPaths = (
				"${PODS_ROOT}/Target Support Files/Pods-SCMovies/Pods-SCMovies-frameworks-${CONFIGURATION}-input-files.xcfilelist",
			);
			name = "[CP] Embed Pods Frameworks";
			outputFileListPaths = (
				"${PODS_ROOT}/Target Support Files/Pods-SCMovies/Pods-SCMovies-frameworks-${CONFIGURATION}-output-files.xcfilelist",
			);
			runOnlyForDeploymentPostprocessing = 0;
			shellPath = /bin/sh;
			shellScript = "\"${PODS_ROOT}/Target Support Files/Pods-SCMovies/Pods-SCMovies-frameworks.sh\"\n";
			showEnvVarsInLog = 0;
		};
		D4CB43B9A895DFB6725F8A17 /* [CP] Embed Pods Frameworks */ = {
			isa = PBXShellScriptBuildPhase;
			buildActionMask = 2147483647;
			files = (
			);
			inputFileListPaths = (
				"${PODS_ROOT}/Target Support Files/Pods-SCMoviesTests/Pods-SCMoviesTests-frameworks-${CONFIGURATION}-input-files.xcfilelist",
			);
			name = "[CP] Embed Pods Frameworks";
			outputFileListPaths = (
				"${PODS_ROOT}/Target Support Files/Pods-SCMoviesTests/Pods-SCMoviesTests-frameworks-${CONFIGURATION}-output-files.xcfilelist",
			);
			runOnlyForDeploymentPostprocessing = 0;
			shellPath = /bin/sh;
			shellScript = "\"${PODS_ROOT}/Target Support Files/Pods-SCMoviesTests/Pods-SCMoviesTests-frameworks.sh\"\n";
			showEnvVarsInLog = 0;
		};
		ED30C75994F9FAF4F117557F /* [CP] Check Pods Manifest.lock */ = {
			isa = PBXShellScriptBuildPhase;
			buildActionMask = 2147483647;
			files = (
			);
			inputFileListPaths = (
			);
			inputPaths = (
				"${PODS_PODFILE_DIR_PATH}/Podfile.lock",
				"${PODS_ROOT}/Manifest.lock",
			);
			name = "[CP] Check Pods Manifest.lock";
			outputFileListPaths = (
			);
			outputPaths = (
				"$(DERIVED_FILE_DIR)/Pods-SCMovies-SCMoviesUITests-checkManifestLockResult.txt",
			);
			runOnlyForDeploymentPostprocessing = 0;
			shellPath = /bin/sh;
			shellScript = "diff \"${PODS_PODFILE_DIR_PATH}/Podfile.lock\" \"${PODS_ROOT}/Manifest.lock\" > /dev/null\nif [ $? != 0 ] ; then\n    # print error to STDERR\n    echo \"error: The sandbox is not in sync with the Podfile.lock. Run 'pod install' or update your CocoaPods installation.\" >&2\n    exit 1\nfi\n# This output is used by Xcode 'outputs' to avoid re-running this script phase.\necho \"SUCCESS\" > \"${SCRIPT_OUTPUT_FILE_0}\"\n";
			showEnvVarsInLog = 0;
		};
/* End PBXShellScriptBuildPhase section */

/* Begin PBXSourcesBuildPhase section */
		39EA96BC275F114600D4DCE0 /* Sources */ = {
			isa = PBXSourcesBuildPhase;
			buildActionMask = 2147483647;
			files = (
				39EA9710275F41EE00D4DCE0 /* ViewModel.swift in Sources */,
				39EA9706275F2ADC00D4DCE0 /* APIManager.swift in Sources */,
				39EA971D275F6C2000D4DCE0 /* LoadingManager.swift in Sources */,
				39EA9716275F51F500D4DCE0 /* MovieListCell.swift in Sources */,
				39EA9704275F23A700D4DCE0 /* SearchViewController.swift in Sources */,
				39EA971B275F6BF300D4DCE0 /* FadeSprinLoader.swift in Sources */,
				39EA96C4275F114600D4DCE0 /* AppDelegate.swift in Sources */,
				39EA970C275F3C8700D4DCE0 /* Extension.swift in Sources */,
				39EA9712275F508F00D4DCE0 /* ImageViewExtension.swift in Sources */,
				39EA96F8275F1EE600D4DCE0 /* MovieResults.swift in Sources */,
				39EA96C6275F114600D4DCE0 /* SceneDelegate.swift in Sources */,
				39EA970E275F3FA700D4DCE0 /* SearchViewModel.swift in Sources */,
				39EA96F5275F1A5E00D4DCE0 /* RequestManager.swift in Sources */,
				39EA96FA275F1F8E00D4DCE0 /* MovieDetails.swift in Sources */,
			);
			runOnlyForDeploymentPostprocessing = 0;
		};
		39EA96D2275F114900D4DCE0 /* Sources */ = {
			isa = PBXSourcesBuildPhase;
			buildActionMask = 2147483647;
			files = (
				39EA970A275F3B8200D4DCE0 /* APITests.swift in Sources */,
			);
			runOnlyForDeploymentPostprocessing = 0;
		};
		39EA96DC275F114900D4DCE0 /* Sources */ = {
			isa = PBXSourcesBuildPhase;
			buildActionMask = 2147483647;
			files = (
				39EA96E7275F114900D4DCE0 /* SCMoviesUITestsLaunchTests.swift in Sources */,
				39EA96E5275F114900D4DCE0 /* SCMoviesUITests.swift in Sources */,
			);
			runOnlyForDeploymentPostprocessing = 0;
		};
/* End PBXSourcesBuildPhase section */

/* Begin PBXTargetDependency section */
		39EA96D8275F114900D4DCE0 /* PBXTargetDependency */ = {
			isa = PBXTargetDependency;
			target = 39EA96BF275F114600D4DCE0 /* SCMovies */;
			targetProxy = 39EA96D7275F114900D4DCE0 /* PBXContainerItemProxy */;
		};
		39EA96E2275F114900D4DCE0 /* PBXTargetDependency */ = {
			isa = PBXTargetDependency;
			target = 39EA96BF275F114600D4DCE0 /* SCMovies */;
			targetProxy = 39EA96E1275F114900D4DCE0 /* PBXContainerItemProxy */;
		};
/* End PBXTargetDependency section */

/* Begin PBXVariantGroup section */
		39EA96CE275F114800D4DCE0 /* LaunchScreen.storyboard */ = {
			isa = PBXVariantGroup;
			children = (
				39EA96CF275F114800D4DCE0 /* Base */,
			);
			name = LaunchScreen.storyboard;
			sourceTree = "<group>";
		};
/* End PBXVariantGroup section */

/* Begin XCBuildConfiguration section */
		39EA96E8275F114900D4DCE0 /* Debug */ = {
			isa = XCBuildConfiguration;
			buildSettings = {
				ALWAYS_SEARCH_USER_PATHS = NO;
				CLANG_ANALYZER_NONNULL = YES;
				CLANG_ANALYZER_NUMBER_OBJECT_CONVERSION = YES_AGGRESSIVE;
				CLANG_CXX_LANGUAGE_STANDARD = "gnu++17";
				CLANG_CXX_LIBRARY = "libc++";
				CLANG_ENABLE_MODULES = YES;
				CLANG_ENABLE_OBJC_ARC = YES;
				CLANG_ENABLE_OBJC_WEAK = YES;
				CLANG_WARN_BLOCK_CAPTURE_AUTORELEASING = YES;
				CLANG_WARN_BOOL_CONVERSION = YES;
				CLANG_WARN_COMMA = YES;
				CLANG_WARN_CONSTANT_CONVERSION = YES;
				CLANG_WARN_DEPRECATED_OBJC_IMPLEMENTATIONS = YES;
				CLANG_WARN_DIRECT_OBJC_ISA_USAGE = YES_ERROR;
				CLANG_WARN_DOCUMENTATION_COMMENTS = YES;
				CLANG_WARN_EMPTY_BODY = YES;
				CLANG_WARN_ENUM_CONVERSION = YES;
				CLANG_WARN_INFINITE_RECURSION = YES;
				CLANG_WARN_INT_CONVERSION = YES;
				CLANG_WARN_NON_LITERAL_NULL_CONVERSION = YES;
				CLANG_WARN_OBJC_IMPLICIT_RETAIN_SELF = YES;
				CLANG_WARN_OBJC_LITERAL_CONVERSION = YES;
				CLANG_WARN_OBJC_ROOT_CLASS = YES_ERROR;
				CLANG_WARN_QUOTED_INCLUDE_IN_FRAMEWORK_HEADER = YES;
				CLANG_WARN_RANGE_LOOP_ANALYSIS = YES;
				CLANG_WARN_STRICT_PROTOTYPES = YES;
				CLANG_WARN_SUSPICIOUS_MOVE = YES;
				CLANG_WARN_UNGUARDED_AVAILABILITY = YES_AGGRESSIVE;
				CLANG_WARN_UNREACHABLE_CODE = YES;
				CLANG_WARN__DUPLICATE_METHOD_MATCH = YES;
				COPY_PHASE_STRIP = NO;
				DEBUG_INFORMATION_FORMAT = dwarf;
				ENABLE_STRICT_OBJC_MSGSEND = YES;
				ENABLE_TESTABILITY = YES;
				GCC_C_LANGUAGE_STANDARD = gnu11;
				GCC_DYNAMIC_NO_PIC = NO;
				GCC_NO_COMMON_BLOCKS = YES;
				GCC_OPTIMIZATION_LEVEL = 0;
				GCC_PREPROCESSOR_DEFINITIONS = (
					"DEBUG=1",
					"$(inherited)",
				);
				GCC_WARN_64_TO_32_BIT_CONVERSION = YES;
				GCC_WARN_ABOUT_RETURN_TYPE = YES_ERROR;
				GCC_WARN_UNDECLARED_SELECTOR = YES;
				GCC_WARN_UNINITIALIZED_AUTOS = YES_AGGRESSIVE;
				GCC_WARN_UNUSED_FUNCTION = YES;
				GCC_WARN_UNUSED_VARIABLE = YES;
				IPHONEOS_DEPLOYMENT_TARGET = 15.0;
				MTL_ENABLE_DEBUG_INFO = INCLUDE_SOURCE;
				MTL_FAST_MATH = YES;
				ONLY_ACTIVE_ARCH = YES;
				SDKROOT = iphoneos;
				SWIFT_ACTIVE_COMPILATION_CONDITIONS = DEBUG;
				SWIFT_OPTIMIZATION_LEVEL = "-Onone";
			};
			name = Debug;
		};
		39EA96E9275F114900D4DCE0 /* Release */ = {
			isa = XCBuildConfiguration;
			buildSettings = {
				ALWAYS_SEARCH_USER_PATHS = NO;
				CLANG_ANALYZER_NONNULL = YES;
				CLANG_ANALYZER_NUMBER_OBJECT_CONVERSION = YES_AGGRESSIVE;
				CLANG_CXX_LANGUAGE_STANDARD = "gnu++17";
				CLANG_CXX_LIBRARY = "libc++";
				CLANG_ENABLE_MODULES = YES;
				CLANG_ENABLE_OBJC_ARC = YES;
				CLANG_ENABLE_OBJC_WEAK = YES;
				CLANG_WARN_BLOCK_CAPTURE_AUTORELEASING = YES;
				CLANG_WARN_BOOL_CONVERSION = YES;
				CLANG_WARN_COMMA = YES;
				CLANG_WARN_CONSTANT_CONVERSION = YES;
				CLANG_WARN_DEPRECATED_OBJC_IMPLEMENTATIONS = YES;
				CLANG_WARN_DIRECT_OBJC_ISA_USAGE = YES_ERROR;
				CLANG_WARN_DOCUMENTATION_COMMENTS = YES;
				CLANG_WARN_EMPTY_BODY = YES;
				CLANG_WARN_ENUM_CONVERSION = YES;
				CLANG_WARN_INFINITE_RECURSION = YES;
				CLANG_WARN_INT_CONVERSION = YES;
				CLANG_WARN_NON_LITERAL_NULL_CONVERSION = YES;
				CLANG_WARN_OBJC_IMPLICIT_RETAIN_SELF = YES;
				CLANG_WARN_OBJC_LITERAL_CONVERSION = YES;
				CLANG_WARN_OBJC_ROOT_CLASS = YES_ERROR;
				CLANG_WARN_QUOTED_INCLUDE_IN_FRAMEWORK_HEADER = YES;
				CLANG_WARN_RANGE_LOOP_ANALYSIS = YES;
				CLANG_WARN_STRICT_PROTOTYPES = YES;
				CLANG_WARN_SUSPICIOUS_MOVE = YES;
				CLANG_WARN_UNGUARDED_AVAILABILITY = YES_AGGRESSIVE;
				CLANG_WARN_UNREACHABLE_CODE = YES;
				CLANG_WARN__DUPLICATE_METHOD_MATCH = YES;
				COPY_PHASE_STRIP = NO;
				DEBUG_INFORMATION_FORMAT = "dwarf-with-dsym";
				ENABLE_NS_ASSERTIONS = NO;
				ENABLE_STRICT_OBJC_MSGSEND = YES;
				GCC_C_LANGUAGE_STANDARD = gnu11;
				GCC_NO_COMMON_BLOCKS = YES;
				GCC_WARN_64_TO_32_BIT_CONVERSION = YES;
				GCC_WARN_ABOUT_RETURN_TYPE = YES_ERROR;
				GCC_WARN_UNDECLARED_SELECTOR = YES;
				GCC_WARN_UNINITIALIZED_AUTOS = YES_AGGRESSIVE;
				GCC_WARN_UNUSED_FUNCTION = YES;
				GCC_WARN_UNUSED_VARIABLE = YES;
				IPHONEOS_DEPLOYMENT_TARGET = 15.0;
				MTL_ENABLE_DEBUG_INFO = NO;
				MTL_FAST_MATH = YES;
				SDKROOT = iphoneos;
				SWIFT_COMPILATION_MODE = wholemodule;
				SWIFT_OPTIMIZATION_LEVEL = "-O";
				VALIDATE_PRODUCT = YES;
			};
			name = Release;
		};
		39EA96EB275F114900D4DCE0 /* Debug */ = {
			isa = XCBuildConfiguration;
			baseConfigurationReference = 9F4BCE6DD687A6733C581ABC /* Pods-SCMovies.debug.xcconfig */;
			buildSettings = {
				ASSETCATALOG_COMPILER_APPICON_NAME = AppIcon;
				ASSETCATALOG_COMPILER_GLOBAL_ACCENT_COLOR_NAME = AccentColor;
				CODE_SIGN_STYLE = Automatic;
				CURRENT_PROJECT_VERSION = 1;
				DEVELOPMENT_TEAM = 9AUL52JZ6T;
				GENERATE_INFOPLIST_FILE = YES;
				INFOPLIST_FILE = SCMovies/Info.plist;
				INFOPLIST_KEY_UIApplicationSupportsIndirectInputEvents = YES;
				INFOPLIST_KEY_UILaunchStoryboardName = LaunchScreen;
				INFOPLIST_KEY_UIMainStoryboardFile = Movie;
				INFOPLIST_KEY_UIRequiresFullScreen = YES;
				INFOPLIST_KEY_UISupportedInterfaceOrientations = UIInterfaceOrientationPortrait;
				INFOPLIST_KEY_UISupportedInterfaceOrientations_iPad = "UIInterfaceOrientationPortrait UIInterfaceOrientationPortraitUpsideDown UIInterfaceOrientationLandscapeLeft UIInterfaceOrientationLandscapeRight";
				INFOPLIST_KEY_UISupportedInterfaceOrientations_iPhone = "UIInterfaceOrientationPortrait UIInterfaceOrientationLandscapeLeft UIInterfaceOrientationLandscapeRight";
				IPHONEOS_DEPLOYMENT_TARGET = 13.0;
				LD_RUNPATH_SEARCH_PATHS = (
					"$(inherited)",
					"@executable_path/Frameworks",
				);
				MARKETING_VERSION = 1.0;
				PRODUCT_BUNDLE_IDENTIFIER = com.ap.SCMovies;
				PRODUCT_NAME = "$(TARGET_NAME)";
				SWIFT_EMIT_LOC_STRINGS = YES;
				SWIFT_VERSION = 5.0;
				TARGETED_DEVICE_FAMILY = "1,2";
			};
			name = Debug;
		};
		39EA96EC275F114900D4DCE0 /* Release */ = {
			isa = XCBuildConfiguration;
			baseConfigurationReference = 1CF3B971001DDEB90C2DF035 /* Pods-SCMovies.release.xcconfig */;
			buildSettings = {
				ASSETCATALOG_COMPILER_APPICON_NAME = AppIcon;
				ASSETCATALOG_COMPILER_GLOBAL_ACCENT_COLOR_NAME = AccentColor;
				CODE_SIGN_STYLE = Automatic;
				CURRENT_PROJECT_VERSION = 1;
				DEVELOPMENT_TEAM = 9AUL52JZ6T;
				GENERATE_INFOPLIST_FILE = YES;
				INFOPLIST_FILE = SCMovies/Info.plist;
				INFOPLIST_KEY_UIApplicationSupportsIndirectInputEvents = YES;
				INFOPLIST_KEY_UILaunchStoryboardName = LaunchScreen;
				INFOPLIST_KEY_UIMainStoryboardFile = Movie;
				INFOPLIST_KEY_UIRequiresFullScreen = YES;
				INFOPLIST_KEY_UISupportedInterfaceOrientations = UIInterfaceOrientationPortrait;
				INFOPLIST_KEY_UISupportedInterfaceOrientations_iPad = "UIInterfaceOrientationPortrait UIInterfaceOrientationPortraitUpsideDown UIInterfaceOrientationLandscapeLeft UIInterfaceOrientationLandscapeRight";
				INFOPLIST_KEY_UISupportedInterfaceOrientations_iPhone = "UIInterfaceOrientationPortrait UIInterfaceOrientationLandscapeLeft UIInterfaceOrientationLandscapeRight";
				IPHONEOS_DEPLOYMENT_TARGET = 13.0;
				LD_RUNPATH_SEARCH_PATHS = (
					"$(inherited)",
					"@executable_path/Frameworks",
				);
				MARKETING_VERSION = 1.0;
				PRODUCT_BUNDLE_IDENTIFIER = com.ap.SCMovies;
				PRODUCT_NAME = "$(TARGET_NAME)";
				SWIFT_EMIT_LOC_STRINGS = YES;
				SWIFT_VERSION = 5.0;
				TARGETED_DEVICE_FAMILY = "1,2";
			};
			name = Release;
		};
		39EA96EE275F114900D4DCE0 /* Debug */ = {
			isa = XCBuildConfiguration;
			baseConfigurationReference = DA73175C7E3E82E9E2E93799 /* Pods-SCMoviesTests.debug.xcconfig */;
			buildSettings = {
				ALWAYS_EMBED_SWIFT_STANDARD_LIBRARIES = YES;
				BUNDLE_LOADER = "$(TEST_HOST)";
				CODE_SIGN_STYLE = Automatic;
				CURRENT_PROJECT_VERSION = 1;
				DEVELOPMENT_TEAM = 9AUL52JZ6T;
				GENERATE_INFOPLIST_FILE = YES;
				IPHONEOS_DEPLOYMENT_TARGET = 15.0;
				LD_RUNPATH_SEARCH_PATHS = (
					"$(inherited)",
					"@executable_path/Frameworks",
					"@loader_path/Frameworks",
				);
				MARKETING_VERSION = 1.0;
				PRODUCT_BUNDLE_IDENTIFIER = com.ap.SCMoviesTests;
				PRODUCT_NAME = "$(TARGET_NAME)";
				SWIFT_EMIT_LOC_STRINGS = NO;
				SWIFT_VERSION = 5.0;
				TARGETED_DEVICE_FAMILY = "1,2";
				TEST_HOST = "$(BUILT_PRODUCTS_DIR)/SCMovies.app/SCMovies";
			};
			name = Debug;
		};
		39EA96EF275F114900D4DCE0 /* Release */ = {
			isa = XCBuildConfiguration;
			baseConfigurationReference = 087551ED3014B681CB7BB44F /* Pods-SCMoviesTests.release.xcconfig */;
			buildSettings = {
				ALWAYS_EMBED_SWIFT_STANDARD_LIBRARIES = YES;
				BUNDLE_LOADER = "$(TEST_HOST)";
				CODE_SIGN_STYLE = Automatic;
				CURRENT_PROJECT_VERSION = 1;
				DEVELOPMENT_TEAM = 9AUL52JZ6T;
				GENERATE_INFOPLIST_FILE = YES;
				IPHONEOS_DEPLOYMENT_TARGET = 15.0;
				LD_RUNPATH_SEARCH_PATHS = (
					"$(inherited)",
					"@executable_path/Frameworks",
					"@loader_path/Frameworks",
				);
				MARKETING_VERSION = 1.0;
				PRODUCT_BUNDLE_IDENTIFIER = com.ap.SCMoviesTests;
				PRODUCT_NAME = "$(TARGET_NAME)";
				SWIFT_EMIT_LOC_STRINGS = NO;
				SWIFT_VERSION = 5.0;
				TARGETED_DEVICE_FAMILY = "1,2";
				TEST_HOST = "$(BUILT_PRODUCTS_DIR)/SCMovies.app/SCMovies";
			};
			name = Release;
		};
		39EA96F1275F114900D4DCE0 /* Debug */ = {
			isa = XCBuildConfiguration;
			baseConfigurationReference = AE12A018735D25527FDDC36D /* Pods-SCMovies-SCMoviesUITests.debug.xcconfig */;
			buildSettings = {
				ALWAYS_EMBED_SWIFT_STANDARD_LIBRARIES = YES;
				CODE_SIGN_STYLE = Automatic;
				CURRENT_PROJECT_VERSION = 1;
				DEVELOPMENT_TEAM = 9AUL52JZ6T;
				GENERATE_INFOPLIST_FILE = YES;
				LD_RUNPATH_SEARCH_PATHS = (
					"$(inherited)",
					"@executable_path/Frameworks",
					"@loader_path/Frameworks",
				);
				MARKETING_VERSION = 1.0;
				PRODUCT_BUNDLE_IDENTIFIER = com.ap.SCMoviesUITests;
				PRODUCT_NAME = "$(TARGET_NAME)";
				SWIFT_EMIT_LOC_STRINGS = NO;
				SWIFT_VERSION = 5.0;
				TARGETED_DEVICE_FAMILY = "1,2";
				TEST_TARGET_NAME = SCMovies;
			};
			name = Debug;
		};
		39EA96F2275F114900D4DCE0 /* Release */ = {
			isa = XCBuildConfiguration;
			baseConfigurationReference = 543EF09DEF793E0ABD56DEA8 /* Pods-SCMovies-SCMoviesUITests.release.xcconfig */;
			buildSettings = {
				ALWAYS_EMBED_SWIFT_STANDARD_LIBRARIES = YES;
				CODE_SIGN_STYLE = Automatic;
				CURRENT_PROJECT_VERSION = 1;
				DEVELOPMENT_TEAM = 9AUL52JZ6T;
				GENERATE_INFOPLIST_FILE = YES;
				LD_RUNPATH_SEARCH_PATHS = (
					"$(inherited)",
					"@executable_path/Frameworks",
					"@loader_path/Frameworks",
				);
				MARKETING_VERSION = 1.0;
				PRODUCT_BUNDLE_IDENTIFIER = com.ap.SCMoviesUITests;
				PRODUCT_NAME = "$(TARGET_NAME)";
				SWIFT_EMIT_LOC_STRINGS = NO;
				SWIFT_VERSION = 5.0;
				TARGETED_DEVICE_FAMILY = "1,2";
				TEST_TARGET_NAME = SCMovies;
			};
			name = Release;
		};
/* End XCBuildConfiguration section */

/* Begin XCConfigurationList section */
		39EA96BB275F114600D4DCE0 /* Build configuration list for PBXProject "SCMovies" */ = {
			isa = XCConfigurationList;
			buildConfigurations = (
				39EA96E8275F114900D4DCE0 /* Debug */,
				39EA96E9275F114900D4DCE0 /* Release */,
			);
			defaultConfigurationIsVisible = 0;
			defaultConfigurationName = Release;
		};
		39EA96EA275F114900D4DCE0 /* Build configuration list for PBXNativeTarget "SCMovies" */ = {
			isa = XCConfigurationList;
			buildConfigurations = (
				39EA96EB275F114900D4DCE0 /* Debug */,
				39EA96EC275F114900D4DCE0 /* Release */,
			);
			defaultConfigurationIsVisible = 0;
			defaultConfigurationName = Release;
		};
		39EA96ED275F114900D4DCE0 /* Build configuration list for PBXNativeTarget "SCMoviesTests" */ = {
			isa = XCConfigurationList;
			buildConfigurations = (
				39EA96EE275F114900D4DCE0 /* Debug */,
				39EA96EF275F114900D4DCE0 /* Release */,
			);
			defaultConfigurationIsVisible = 0;
			defaultConfigurationName = Release;
		};
		39EA96F0275F114900D4DCE0 /* Build configuration list for PBXNativeTarget "SCMoviesUITests" */ = {
			isa = XCConfigurationList;
			buildConfigurations = (
				39EA96F1275F114900D4DCE0 /* Debug */,
				39EA96F2275F114900D4DCE0 /* Release */,
			);
			defaultConfigurationIsVisible = 0;
			defaultConfigurationName = Release;
		};
/* End XCConfigurationList section */
	};
	rootObject = 39EA96B8275F114600D4DCE0 /* Project object */;
}
